<?xml version="1.0" encoding="utf-8"?>
<Project ToolsVersion="4.0" xmlns="http://schemas.microsoft.com/developer/msbuild/2003">
  <ItemGroup>
    <Filter Include="ソース ファイル">
      <UniqueIdentifier>{4FC737F1-C7A5-4376-A066-2A32D752A2FF}</UniqueIdentifier>
      <Extensions>cpp;c;cc;cxx;def;odl;idl;hpj;bat;asm;asmx</Extensions>
    </Filter>
    <Filter Include="ヘッダー ファイル">
      <UniqueIdentifier>{93995380-89BD-4b04-88EB-625FBE52EBFB}</UniqueIdentifier>
      <Extensions>h;hh;hpp;hxx;hm;inl;inc;xsd</Extensions>
    </Filter>
    <Filter Include="リソース ファイル">
      <UniqueIdentifier>{67DA6AB6-F800-4c08-8B7A-83BB121AAD01}</UniqueIdentifier>
      <Extensions>rc;ico;cur;bmp;dlg;rc2;rct;bin;rgs;gif;jpg;jpeg;jpe;resx;tiff;tif;png;wav;mfcribbon-ms</Extensions>
    </Filter>
    <Filter Include="ソース ファイル\Effect">
      <UniqueIdentifier>{af9d240f-ae96-488c-868e-424973a7efb6}</UniqueIdentifier>
    </Filter>
    <Filter Include="ソース ファイル\Mode">
      <UniqueIdentifier>{966d9ff2-b7f9-42e2-8625-29ca39beb093}</UniqueIdentifier>
    </Filter>
    <Filter Include="ソース ファイル\Renderer">
      <UniqueIdentifier>{49ed5b4b-524f-430b-93eb-b797e146d174}</UniqueIdentifier>
    </Filter>
    <Filter Include="ソース ファイル\Scene">
      <UniqueIdentifier>{363ce3b4-f7d9-4c39-bdbb-a044cd330e78}</UniqueIdentifier>
    </Filter>
    <Filter Include="ソース ファイル\UI">
      <UniqueIdentifier>{8d652633-ec2b-4570-9247-42bb1e7a368c}</UniqueIdentifier>
    </Filter>
    <Filter Include="ソース ファイル\Utility">
      <UniqueIdentifier>{65e05825-4445-48ef-b428-f55bdbe0edf3}</UniqueIdentifier>
    </Filter>
    <Filter Include="ソース ファイル\Scene\Scene2D">
      <UniqueIdentifier>{81afc1c8-9811-4ae4-93e5-d45f3c33018b}</UniqueIdentifier>
    </Filter>
    <Filter Include="ソース ファイル\Scene\Scene3D">
      <UniqueIdentifier>{519795b3-f4c4-4020-bf57-99f78f22418a}</UniqueIdentifier>
    </Filter>
    <Filter Include="ソース ファイル\Scene\SceneModel">
      <UniqueIdentifier>{f5fa1058-2eb9-4a5f-9221-3b363016f1d1}</UniqueIdentifier>
    </Filter>
    <Filter Include="ソース ファイル\Scene\SceneModel\Player">
      <UniqueIdentifier>{bed34af5-82a8-4c3f-b25c-0f6d5fcf7fba}</UniqueIdentifier>
    </Filter>
    <Filter Include="ソース ファイル\Utility\Colision">
      <UniqueIdentifier>{6bfe0752-2506-4bbf-9a19-3543e96679da}</UniqueIdentifier>
    </Filter>
    <Filter Include="ソース ファイル\Utility\Motion">
      <UniqueIdentifier>{b0b0d55d-d9d4-4d25-8367-3f6d384787b0}</UniqueIdentifier>
    </Filter>
    <Filter Include="ヘッダー ファイル\Effect">
      <UniqueIdentifier>{0f288e4f-f25a-4cc8-a8c5-c482b0653196}</UniqueIdentifier>
    </Filter>
    <Filter Include="ヘッダー ファイル\Input">
      <UniqueIdentifier>{17b4d8bc-622b-4d88-91c6-99355f0b2307}</UniqueIdentifier>
    </Filter>
    <Filter Include="ヘッダー ファイル\Mode">
      <UniqueIdentifier>{677a34e1-0934-4d36-99fa-69becd6352b2}</UniqueIdentifier>
    </Filter>
    <Filter Include="ヘッダー ファイル\Renderer">
      <UniqueIdentifier>{98147a03-0209-4d31-9ef3-e842fac7bdf5}</UniqueIdentifier>
    </Filter>
    <Filter Include="ヘッダー ファイル\Scene">
      <UniqueIdentifier>{821e5e6e-9b73-4fa0-9b92-bbba1ba389f2}</UniqueIdentifier>
    </Filter>
    <Filter Include="ヘッダー ファイル\UI">
      <UniqueIdentifier>{5f578440-64f7-426d-b7ce-4065e6f76193}</UniqueIdentifier>
    </Filter>
    <Filter Include="ヘッダー ファイル\Utility">
      <UniqueIdentifier>{a340afc3-da27-4982-ab07-7b1e1a5b3df7}</UniqueIdentifier>
    </Filter>
    <Filter Include="ヘッダー ファイル\Scene\Scene2D">
      <UniqueIdentifier>{9a3a3257-96c9-4eb2-a77c-35ae8bab3d71}</UniqueIdentifier>
    </Filter>
    <Filter Include="ヘッダー ファイル\Scene\Scene3D">
      <UniqueIdentifier>{348d427d-52aa-4b81-8741-782e36e15a45}</UniqueIdentifier>
    </Filter>
    <Filter Include="ヘッダー ファイル\Scene\SceneModel">
      <UniqueIdentifier>{21952666-2d32-4ccd-abfb-b02239216934}</UniqueIdentifier>
    </Filter>
    <Filter Include="ヘッダー ファイル\Utility\Colision">
      <UniqueIdentifier>{00dc4f3f-de9d-44f2-86da-6c5ca2858ae3}</UniqueIdentifier>
    </Filter>
    <Filter Include="ヘッダー ファイル\Utility\Motion">
      <UniqueIdentifier>{2a71dd5d-28bf-4bf8-aa9c-bddcd2b6fa7e}</UniqueIdentifier>
    </Filter>
    <Filter Include="ソース ファイル\Input">
      <UniqueIdentifier>{9483027c-fb85-4347-8cb1-af7ddbe32b8b}</UniqueIdentifier>
    </Filter>
    <Filter Include="ヘッダー ファイル\Scene\SceneModel\Player">
      <UniqueIdentifier>{d67f0073-0f6b-4231-9ba1-1db61e7392b4}</UniqueIdentifier>
    </Filter>
    <Filter Include="リソース ファイル\MODEL">
      <UniqueIdentifier>{7d494f9b-6797-43c1-bee2-e161c3d643ca}</UniqueIdentifier>
    </Filter>
    <Filter Include="リソース ファイル\TEXT">
      <UniqueIdentifier>{5b86f572-05ff-4da6-80ac-a07138b0aca3}</UniqueIdentifier>
    </Filter>
    <Filter Include="リソース ファイル\TEXTURE">
      <UniqueIdentifier>{9854acd5-f2db-4b61-8657-9a22c79142a5}</UniqueIdentifier>
    </Filter>
    <Filter Include="リソース ファイル\SOUND">
      <UniqueIdentifier>{60595330-a31e-4054-a9a5-e81145cb4371}</UniqueIdentifier>
    </Filter>
    <Filter Include="リソース ファイル\SOUND\BGM">
      <UniqueIdentifier>{a4a87e50-0f0e-4be9-9c12-f510e1394728}</UniqueIdentifier>
    </Filter>
    <Filter Include="リソース ファイル\SOUND\SE">
      <UniqueIdentifier>{82d4dfdf-1c02-4f5f-9e54-fefc6d152664}</UniqueIdentifier>
    </Filter>
    <Filter Include="リソース ファイル\TEXTURE\COMMON">
      <UniqueIdentifier>{4b5aa4ee-08b2-4980-9146-bc26ed8693eb}</UniqueIdentifier>
    </Filter>
    <Filter Include="リソース ファイル\TEXTURE\TITLE">
      <UniqueIdentifier>{7acd52a0-61f0-42af-bf03-f245f8eb0935}</UniqueIdentifier>
    </Filter>
    <Filter Include="リソース ファイル\TEXTURE\GAME">
      <UniqueIdentifier>{89cbd005-0ee7-4314-8b01-ed72a0d1937c}</UniqueIdentifier>
    </Filter>
    <Filter Include="リソース ファイル\TEXTURE\RESULT">
      <UniqueIdentifier>{e078e612-74d6-4457-b613-77ab8a0d77a6}</UniqueIdentifier>
    </Filter>
    <Filter Include="リソース ファイル\TEXTURE\GAME\field">
      <UniqueIdentifier>{87e3830c-59aa-43ab-ab99-d8c53ba427b0}</UniqueIdentifier>
    </Filter>
    <Filter Include="リソース ファイル\TEXTURE\GAME\skyDome">
      <UniqueIdentifier>{71e3f187-71cf-4ea8-a77d-e6fbac4f4df2}</UniqueIdentifier>
    </Filter>
    <Filter Include="リソース ファイル\TEXTURE\GAME\skyBox">
      <UniqueIdentifier>{a6bf0237-ba9c-4947-b97a-505b6d8fe2db}</UniqueIdentifier>
    </Filter>
    <Filter Include="リソース ファイル\TEXTURE\GAME\skyBox\skybox_Blue">
      <UniqueIdentifier>{e080ec72-2556-4106-a613-f9b3c5c15ac6}</UniqueIdentifier>
    </Filter>
    <Filter Include="リソース ファイル\TEXTURE\GAME\skyBox\skybox_BlueWithPlanet">
      <UniqueIdentifier>{99042f78-40b3-455e-9e66-252649cef721}</UniqueIdentifier>
    </Filter>
    <Filter Include="リソース ファイル\TEXTURE\GAME\skyBox\skyBox_Green">
      <UniqueIdentifier>{e297464f-f2f8-4ae5-b57d-e01fb18e2735}</UniqueIdentifier>
    </Filter>
    <Filter Include="リソース ファイル\TEXTURE\GAME\skyBox\skyBox_GreenWithPlanet">
      <UniqueIdentifier>{61141118-a29f-4f21-a1f8-b59e506a0f90}</UniqueIdentifier>
    </Filter>
    <Filter Include="リソース ファイル\TEXTURE\GAME\skyBox\skyBox_Red">
      <UniqueIdentifier>{b3d6735c-063d-477f-a447-127540ca1641}</UniqueIdentifier>
    </Filter>
    <Filter Include="リソース ファイル\TEXTURE\GAME\skyBox\skyBox_RedWithPlanet">
      <UniqueIdentifier>{85e49d8b-8ba6-4c0c-9ddf-2e08e64d930f}</UniqueIdentifier>
    </Filter>
  </ItemGroup>
  <ItemGroup>
    <ClCompile Include="src\cpp\manager.cpp">
      <Filter>ソース ファイル</Filter>
    </ClCompile>
    <ClCompile Include="src\cpp\socket.cpp">
      <Filter>ソース ファイル</Filter>
    </ClCompile>
    <ClCompile Include="src\cpp\main.cpp">
      <Filter>ソース ファイル</Filter>
    </ClCompile>
    <ClCompile Include="src\cpp\mouse.cpp">
      <Filter>ソース ファイル\Input</Filter>
    </ClCompile>
    <ClCompile Include="src\cpp\input.cpp">
      <Filter>ソース ファイル\Input</Filter>
    </ClCompile>
    <ClCompile Include="src\cpp\joystick.cpp">
      <Filter>ソース ファイル\Input</Filter>
    </ClCompile>
    <ClCompile Include="src\cpp\keyboard.cpp">
      <Filter>ソース ファイル\Input</Filter>
    </ClCompile>
    <ClCompile Include="src\cpp\particle.cpp">
      <Filter>ソース ファイル\Effect</Filter>
    </ClCompile>
    <ClCompile Include="src\cpp\emitter.cpp">
      <Filter>ソース ファイル\Effect</Filter>
    </ClCompile>
    <ClCompile Include="src\cpp\modeGame.cpp">
      <Filter>ソース ファイル\Mode</Filter>
    </ClCompile>
    <ClCompile Include="src\cpp\modeResult.cpp">
      <Filter>ソース ファイル\Mode</Filter>
    </ClCompile>
    <ClCompile Include="src\cpp\modeTitle.cpp">
      <Filter>ソース ファイル\Mode</Filter>
    </ClCompile>
    <ClCompile Include="src\cpp\mode.cpp">
      <Filter>ソース ファイル\Mode</Filter>
    </ClCompile>
    <ClCompile Include="src\cpp\number.cpp">
      <Filter>ソース ファイル\UI</Filter>
    </ClCompile>
    <ClCompile Include="src\cpp\renderTarget2D.cpp">
      <Filter>ソース ファイル\Renderer</Filter>
    </ClCompile>
    <ClCompile Include="src\cpp\renderer.cpp">
      <Filter>ソース ファイル\Renderer</Filter>
    </ClCompile>
    <ClCompile Include="src\cpp\scene2D.cpp">
      <Filter>ソース ファイル\Scene\Scene2D</Filter>
    </ClCompile>
    <ClCompile Include="src\cpp\time.cpp">
      <Filter>ソース ファイル\Scene\Scene2D</Filter>
    </ClCompile>
    <ClCompile Include="src\cpp\countdawn.cpp">
      <Filter>ソース ファイル\Scene\Scene2D</Filter>
    </ClCompile>
    <ClCompile Include="src\cpp\gear.cpp">
      <Filter>ソース ファイル\Scene\Scene2D</Filter>
    </ClCompile>
    <ClCompile Include="src\cpp\pressenter.cpp">
      <Filter>ソース ファイル\Scene\Scene2D</Filter>
    </ClCompile>
    <ClCompile Include="src\cpp\ranking.cpp">
      <Filter>ソース ファイル\Scene\Scene2D</Filter>
    </ClCompile>
    <ClCompile Include="src\cpp\scene3D.cpp">
      <Filter>ソース ファイル\Scene\Scene3D</Filter>
    </ClCompile>
    <ClCompile Include="src\cpp\meshBox.cpp">
      <Filter>ソース ファイル\Scene\Scene3D</Filter>
    </ClCompile>
    <ClCompile Include="src\cpp\meshDome.cpp">
      <Filter>ソース ファイル\Scene\Scene3D</Filter>
    </ClCompile>
    <ClCompile Include="src\cpp\meshEffect.cpp">
      <Filter>ソース ファイル\Scene\Scene3D</Filter>
    </ClCompile>
    <ClCompile Include="src\cpp\meshField.cpp">
      <Filter>ソース ファイル\Scene\Scene3D</Filter>
    </ClCompile>
    <ClCompile Include="src\cpp\meshWall.cpp">
      <Filter>ソース ファイル\Scene\Scene3D</Filter>
    </ClCompile>
    <ClCompile Include="src\cpp\monitor.cpp">
      <Filter>ソース ファイル\Scene\Scene3D</Filter>
    </ClCompile>
    <ClCompile Include="src\cpp\player.cpp">
      <Filter>ソース ファイル\Scene\SceneModel\Player</Filter>
    </ClCompile>
    <ClCompile Include="src\cpp\player2.cpp">
      <Filter>ソース ファイル\Scene\SceneModel\Player</Filter>
    </ClCompile>
    <ClCompile Include="src\cpp\playerload.cpp">
      <Filter>ソース ファイル\Scene\SceneModel\Player</Filter>
    </ClCompile>
    <ClCompile Include="src\cpp\sceneModel.cpp">
      <Filter>ソース ファイル\Scene\SceneModel</Filter>
    </ClCompile>
    <ClCompile Include="src\cpp\track.cpp">
      <Filter>ソース ファイル\Scene\SceneModel</Filter>
    </ClCompile>
    <ClCompile Include="src\cpp\columncpp.cpp">
      <Filter>ソース ファイル\Scene\SceneModel</Filter>
    </ClCompile>
    <ClCompile Include="src\cpp\item.cpp">
      <Filter>ソース ファイル\Scene\SceneModel</Filter>
    </ClCompile>
    <ClCompile Include="src\cpp\scene.cpp">
      <Filter>ソース ファイル\Scene</Filter>
    </ClCompile>
    <ClCompile Include="src\cpp\sound.cpp">
      <Filter>ソース ファイル\Utility</Filter>
    </ClCompile>
    <ClCompile Include="src\cpp\camera.cpp">
      <Filter>ソース ファイル\Utility</Filter>
    </ClCompile>
    <ClCompile Include="src\cpp\light.cpp">
      <Filter>ソース ファイル\Utility</Filter>
    </ClCompile>
    <ClCompile Include="src\cpp\obb.cpp">
      <Filter>ソース ファイル\Utility\Colision</Filter>
    </ClCompile>
    <ClCompile Include="src\cpp\colision.cpp">
      <Filter>ソース ファイル\Utility\Colision</Filter>
    </ClCompile>
    <ClCompile Include="src\cpp\line3D.cpp">
      <Filter>ソース ファイル\Utility\Colision</Filter>
    </ClCompile>
    <ClCompile Include="src\cpp\parts.cpp">
      <Filter>ソース ファイル\Utility\Motion</Filter>
    </ClCompile>
    <ClCompile Include="src\cpp\motion.cpp">
      <Filter>ソース ファイル\Utility\Motion</Filter>
    </ClCompile>
    <ClCompile Include="src\cpp\key.cpp">
      <Filter>ソース ファイル\Utility\Motion</Filter>
    </ClCompile>
    <ClCompile Include="src\cpp\keyFrame.cpp">
      <Filter>ソース ファイル\Utility\Motion</Filter>
    </ClCompile>
  </ItemGroup>
  <ItemGroup>
    <ClInclude Include="src\h\particle.h">
      <Filter>ヘッダー ファイル\Effect</Filter>
    </ClInclude>
    <ClInclude Include="src\h\emitter.h">
      <Filter>ヘッダー ファイル\Effect</Filter>
    </ClInclude>
    <ClInclude Include="src\h\mouse.h">
      <Filter>ヘッダー ファイル\Input</Filter>
    </ClInclude>
    <ClInclude Include="src\h\input.h">
      <Filter>ヘッダー ファイル\Input</Filter>
    </ClInclude>
    <ClInclude Include="src\h\joystick.h">
      <Filter>ヘッダー ファイル\Input</Filter>
    </ClInclude>
    <ClInclude Include="src\h\keyboard.h">
      <Filter>ヘッダー ファイル\Input</Filter>
    </ClInclude>
    <ClInclude Include="src\h\modeGame.h">
      <Filter>ヘッダー ファイル\Mode</Filter>
    </ClInclude>
    <ClInclude Include="src\h\modeResult.h">
      <Filter>ヘッダー ファイル\Mode</Filter>
    </ClInclude>
    <ClInclude Include="src\h\modeTitle.h">
      <Filter>ヘッダー ファイル\Mode</Filter>
    </ClInclude>
    <ClInclude Include="src\h\mode.h">
      <Filter>ヘッダー ファイル\Mode</Filter>
    </ClInclude>
    <ClInclude Include="src\h\renderer.h">
      <Filter>ヘッダー ファイル\Renderer</Filter>
    </ClInclude>
    <ClInclude Include="src\h\renderTarget2D.h">
      <Filter>ヘッダー ファイル\Renderer</Filter>
    </ClInclude>
    <ClInclude Include="src\h\number.h">
      <Filter>ヘッダー ファイル\UI</Filter>
    </ClInclude>
    <ClInclude Include="src\h\socket.h">
      <Filter>ヘッダー ファイル</Filter>
    </ClInclude>
    <ClInclude Include="src\h\data.h">
      <Filter>ヘッダー ファイル</Filter>
    </ClInclude>
    <ClInclude Include="src\h\main.h">
      <Filter>ヘッダー ファイル</Filter>
    </ClInclude>
    <ClInclude Include="src\h\manager.h">
      <Filter>ヘッダー ファイル</Filter>
    </ClInclude>
    <ClInclude Include="src\h\obb.h">
      <Filter>ヘッダー ファイル\Utility\Colision</Filter>
    </ClInclude>
    <ClInclude Include="src\h\colision.h">
      <Filter>ヘッダー ファイル\Utility\Colision</Filter>
    </ClInclude>
    <ClInclude Include="src\h\line3D.h">
      <Filter>ヘッダー ファイル\Utility\Colision</Filter>
    </ClInclude>
    <ClInclude Include="src\h\parts.h">
      <Filter>ヘッダー ファイル\Utility\Motion</Filter>
    </ClInclude>
    <ClInclude Include="src\h\sound.h">
      <Filter>ヘッダー ファイル\Utility</Filter>
    </ClInclude>
    <ClInclude Include="src\h\camera.h">
      <Filter>ヘッダー ファイル\Utility</Filter>
    </ClInclude>
    <ClInclude Include="src\h\light.h">
      <Filter>ヘッダー ファイル\Utility</Filter>
    </ClInclude>
    <ClInclude Include="src\h\scene2D.h">
      <Filter>ヘッダー ファイル\Scene\Scene2D</Filter>
    </ClInclude>
    <ClInclude Include="src\h\time.h">
      <Filter>ヘッダー ファイル\Scene\Scene2D</Filter>
    </ClInclude>
    <ClInclude Include="src\h\countdawn.h">
      <Filter>ヘッダー ファイル\Scene\Scene2D</Filter>
    </ClInclude>
    <ClInclude Include="src\h\gear.h">
      <Filter>ヘッダー ファイル\Scene\Scene2D</Filter>
    </ClInclude>
    <ClInclude Include="src\h\pressenter.h">
      <Filter>ヘッダー ファイル\Scene\Scene2D</Filter>
    </ClInclude>
    <ClInclude Include="src\h\ranking.h">
      <Filter>ヘッダー ファイル\Scene\Scene2D</Filter>
    </ClInclude>
    <ClInclude Include="src\h\scene3D.h">
      <Filter>ヘッダー ファイル\Scene\Scene3D</Filter>
    </ClInclude>
    <ClInclude Include="src\h\meshBox.h">
      <Filter>ヘッダー ファイル\Scene\Scene3D</Filter>
    </ClInclude>
    <ClInclude Include="src\h\meshDome.h">
      <Filter>ヘッダー ファイル\Scene\Scene3D</Filter>
    </ClInclude>
    <ClInclude Include="src\h\meshEffect.h">
      <Filter>ヘッダー ファイル\Scene\Scene3D</Filter>
    </ClInclude>
    <ClInclude Include="src\h\meshField.h">
      <Filter>ヘッダー ファイル\Scene\Scene3D</Filter>
    </ClInclude>
    <ClInclude Include="src\h\meshWall.h">
      <Filter>ヘッダー ファイル\Scene\Scene3D</Filter>
    </ClInclude>
    <ClInclude Include="src\h\monitor.h">
      <Filter>ヘッダー ファイル\Scene\Scene3D</Filter>
    </ClInclude>
    <ClInclude Include="src\h\player2.h">
      <Filter>ヘッダー ファイル\Scene\SceneModel\Player</Filter>
    </ClInclude>
    <ClInclude Include="src\h\playerload.h">
      <Filter>ヘッダー ファイル\Scene\SceneModel\Player</Filter>
    </ClInclude>
    <ClInclude Include="src\h\player.h">
      <Filter>ヘッダー ファイル\Scene\SceneModel\Player</Filter>
    </ClInclude>
    <ClInclude Include="src\h\track.h">
      <Filter>ヘッダー ファイル\Scene\SceneModel</Filter>
    </ClInclude>
    <ClInclude Include="src\h\column.h">
      <Filter>ヘッダー ファイル\Scene\SceneModel</Filter>
    </ClInclude>
    <ClInclude Include="src\h\item.h">
      <Filter>ヘッダー ファイル\Scene\SceneModel</Filter>
    </ClInclude>
    <ClInclude Include="src\h\sceneModel.h">
      <Filter>ヘッダー ファイル\Scene\SceneModel</Filter>
    </ClInclude>
    <ClInclude Include="src\h\scene.h">
      <Filter>ヘッダー ファイル\Scene</Filter>
    </ClInclude>
    <ClInclude Include="src\h\motion.h">
      <Filter>ヘッダー ファイル\Utility\Motion</Filter>
    </ClInclude>
    <ClInclude Include="src\h\key.h">
      <Filter>ヘッダー ファイル\Utility\Motion</Filter>
    </ClInclude>
    <ClInclude Include="src\h\keyFrame.h">
      <Filter>ヘッダー ファイル\Utility\Motion</Filter>
    </ClInclude>
  </ItemGroup>
  <ItemGroup>
    <Media Include="data\SOUND\BGM\game.wav">
      <Filter>リソース ファイル\SOUND\BGM</Filter>
    </Media>
    <Media Include="data\SOUND\BGM\result.wav">
      <Filter>リソース ファイル\SOUND\BGM</Filter>
    </Media>
    <Media Include="data\SOUND\BGM\title.wav">
      <Filter>リソース ファイル\SOUND\BGM</Filter>
    </Media>
    <Media Include="data\SOUND\SE\coutdawn.wav">
      <Filter>リソース ファイル\SOUND\SE</Filter>
    </Media>
    <Media Include="data\SOUND\SE\enter.wav">
      <Filter>リソース ファイル\SOUND\SE</Filter>
    </Media>
    <Media Include="data\SOUND\SE\goal.wav">
      <Filter>リソース ファイル\SOUND\SE</Filter>
    </Media>
    <Media Include="data\SOUND\SE\item.wav">
      <Filter>リソース ファイル\SOUND\SE</Filter>
    </Media>
    <Media Include="data\SOUND\SE\start.wav">
      <Filter>リソース ファイル\SOUND\SE</Filter>
    </Media>
  </ItemGroup>
  <ItemGroup>
    <Text Include="data\TEXT\item.txt">
      <Filter>リソース ファイル\TEXT</Filter>
    </Text>
    <Text Include="data\TEXT\model.txt">
      <Filter>リソース ファイル\TEXT</Filter>
    </Text>
    <Text Include="data\TEXT\motion.txt">
      <Filter>リソース ファイル\TEXT</Filter>
    </Text>
    <Text Include="data\TEXT\motionAKR.txt">
      <Filter>リソース ファイル\TEXT</Filter>
    </Text>
    <Text Include="data\TEXT\motion2.txt">
      <Filter>リソース ファイル\TEXT</Filter>
    </Text>
  </ItemGroup>
  <ItemGroup>
    <None Include="data\MODEL\00_Robo_body.x">
      <Filter>リソース ファイル\MODEL</Filter>
    </None>
    <None Include="data\MODEL\00_RoboBlue_body.x">
      <Filter>リソース ファイル\MODEL</Filter>
    </None>
    <None Include="data\MODEL\01_head.x">
      <Filter>リソース ファイル\MODEL</Filter>
    </None>
    <None Include="data\MODEL\01_Robo_head.x">
      <Filter>リソース ファイル\MODEL</Filter>
    </None>
    <None Include="data\MODEL\01_RoboBlue_head.x">
      <Filter>リソース ファイル\MODEL</Filter>
    </None>
    <None Include="data\MODEL\02_arm_L.x">
      <Filter>リソース ファイル\MODEL</Filter>
    </None>
    <None Include="data\MODEL\02_Robo_arm_L.x">
      <Filter>リソース ファイル\MODEL</Filter>
    </None>
    <None Include="data\MODEL\02_RoboBlue_arm_L.x">
      <Filter>リソース ファイル\MODEL</Filter>
    </None>
    <None Include="data\MODEL\03_hand_L.x">
      <Filter>リソース ファイル\MODEL</Filter>
    </None>
    <None Include="data\MODEL\03_Robo_hand_L.x">
      <Filter>リソース ファイル\MODEL</Filter>
    </None>
    <None Include="data\MODEL\03_RoboBlue_hand_L.x">
      <Filter>リソース ファイル\MODEL</Filter>
    </None>
    <None Include="data\MODEL\04_arm_R.x">
      <Filter>リソース ファイル\MODEL</Filter>
    </None>
    <None Include="data\MODEL\04_Robo_arm_R.x">
      <Filter>リソース ファイル\MODEL</Filter>
    </None>
    <None Include="data\MODEL\04_RoboBlue_arm_R.x">
      <Filter>リソース ファイル\MODEL</Filter>
    </None>
    <None Include="data\MODEL\05_hand_R.x">
      <Filter>リソース ファイル\MODEL</Filter>
    </None>
    <None Include="data\MODEL\05_Robo_hand_R.x">
      <Filter>リソース ファイル\MODEL</Filter>
    </None>
    <None Include="data\MODEL\05_RoboBlue_hand_R.x">
      <Filter>リソース ファイル\MODEL</Filter>
    </None>
    <None Include="data\MODEL\06_leg_L.x">
      <Filter>リソース ファイル\MODEL</Filter>
    </None>
    <None Include="data\MODEL\06_Robo_leg_L.x">
      <Filter>リソース ファイル\MODEL</Filter>
    </None>
    <None Include="data\MODEL\06_RoboBlue_leg_L.x">
      <Filter>リソース ファイル\MODEL</Filter>
    </None>
    <None Include="data\MODEL\07_foot_L.x">
      <Filter>リソース ファイル\MODEL</Filter>
    </None>
    <None Include="data\MODEL\07_Robo_foot_L.x">
      <Filter>リソース ファイル\MODEL</Filter>
    </None>
    <None Include="data\MODEL\07_RoboBlue_foot_L.x">
      <Filter>リソース ファイル\MODEL</Filter>
    </None>
    <None Include="data\MODEL\08_leg_R.x">
      <Filter>リソース ファイル\MODEL</Filter>
    </None>
    <None Include="data\MODEL\08_Robo_leg_R.x">
      <Filter>リソース ファイル\MODEL</Filter>
    </None>
    <None Include="data\MODEL\08_RoboBlue_leg_R.x">
      <Filter>リソース ファイル\MODEL</Filter>
    </None>
    <None Include="data\MODEL\09_foot_R.x">
      <Filter>リソース ファイル\MODEL</Filter>
    </None>
    <None Include="data\MODEL\09_Robo_foot_R.x">
      <Filter>リソース ファイル\MODEL</Filter>
    </None>
    <None Include="data\MODEL\09_RoboBlue_foot_R.x">
      <Filter>リソース ファイル\MODEL</Filter>
    </None>
    <None Include="data\MODEL\airplane000.x">
      <Filter>リソース ファイル\MODEL</Filter>
    </None>
    <None Include="data\MODEL\ball.x">
      <Filter>リソース ファイル\MODEL</Filter>
    </None>
    <None Include="data\MODEL\column.x">
      <Filter>リソース ファイル\MODEL</Filter>
    </None>
    <None Include="data\MODEL\cube.mqo">
      <Filter>リソース ファイル\MODEL</Filter>
    </None>
    <None Include="data\MODEL\cube.x">
      <Filter>リソース ファイル\MODEL</Filter>
    </None>
    <None Include="data\MODEL\dice000.x">
      <Filter>リソース ファイル\MODEL</Filter>
    </None>
    <None Include="data\MODEL\Eagle.x">
      <Filter>リソース ファイル\MODEL</Filter>
    </None>
    <None Include="data\MODEL\flypan.x">
      <Filter>リソース ファイル\MODEL</Filter>
    </None>
    <None Include="data\MODEL\glass.mqo">
      <Filter>リソース ファイル\MODEL</Filter>
    </None>
    <None Include="data\MODEL\glass.x">
      <Filter>リソース ファイル\MODEL</Filter>
    </None>
    <None Include="data\MODEL\hikouki.x">
      <Filter>リソース ファイル\MODEL</Filter>
    </None>
    <None Include="data\MODEL\kurisutaru.mqo">
      <Filter>リソース ファイル\MODEL</Filter>
    </None>
    <None Include="data\MODEL\kurisutaru.x">
      <Filter>リソース ファイル\MODEL</Filter>
    </None>
    <None Include="data\MODEL\player2.x">
      <Filter>リソース ファイル\MODEL</Filter>
    </None>
    <None Include="data\MODEL\road.mqo">
      <Filter>リソース ファイル\MODEL</Filter>
    </None>
    <None Include="data\MODEL\road.x">
      <Filter>リソース ファイル\MODEL</Filter>
    </None>
    <None Include="data\MODEL\robot.x">
      <Filter>リソース ファイル\MODEL</Filter>
    </None>
    <None Include="data\MODEL\roboto.mqo">
      <Filter>リソース ファイル\MODEL</Filter>
    </None>
    <None Include="data\MODEL\roboto2.mqo">
      <Filter>リソース ファイル\MODEL</Filter>
    </None>
    <None Include="data\MODEL\taki.x">
      <Filter>リソース ファイル\MODEL</Filter>
    </None>
    <None Include="data\MODEL\track.x">
      <Filter>リソース ファイル\MODEL</Filter>
    </None>
    <None Include="data\MODEL\trackColision.x">
      <Filter>リソース ファイル\MODEL</Filter>
    </None>
    <None Include="data\MODEL\00_body.x">
      <Filter>リソース ファイル\MODEL</Filter>
    </None>
  </ItemGroup>
  <ItemGroup>
    <Image Include="data\TEXTURE\TITLE\spaceskate.png">
      <Filter>リソース ファイル\TEXTURE\TITLE</Filter>
    </Image>
    <Image Include="data\TEXTURE\bar.png">
      <Filter>リソース ファイル\TEXTURE</Filter>
    </Image>
    <Image Include="data\TEXTURE\fade.jpg">
      <Filter>リソース ファイル\TEXTURE</Filter>
    </Image>
    <Image Include="data\TEXTURE\gear.png">
      <Filter>リソース ファイル\TEXTURE</Filter>
    </Image>
    <Image Include="data\TEXTURE\Glass_Cockpit.png">
      <Filter>リソース ファイル\TEXTURE</Filter>
    </Image>
    <Image Include="data\TEXTURE\GO.png">
      <Filter>リソース ファイル\TEXTURE</Filter>
    </Image>
    <Image Include="data\TEXTURE\goal.png">
      <Filter>リソース ファイル\TEXTURE</Filter>
    </Image>
    <Image Include="data\TEXTURE\kurisutaru.jpeg">
      <Filter>リソース ファイル\TEXTURE</Filter>
    </Image>
    <Image Include="data\TEXTURE\num.png">
      <Filter>リソース ファイル\TEXTURE</Filter>
    </Image>
    <Image Include="data\TEXTURE\num2.png">
      <Filter>リソース ファイル\TEXTURE</Filter>
    </Image>
    <Image Include="data\TEXTURE\num3.png">
      <Filter>リソース ファイル\TEXTURE</Filter>
    </Image>
    <Image Include="data\TEXTURE\Photo.jpg">
      <Filter>リソース ファイル\TEXTURE</Filter>
    </Image>
    <Image Include="data\TEXTURE\Photo2.jpg">
      <Filter>リソース ファイル\TEXTURE</Filter>
    </Image>
    <Image Include="data\TEXTURE\Pilot_usa.png">
      <Filter>リソース ファイル\TEXTURE</Filter>
    </Image>
    <Image Include="data\TEXTURE\pressanybutton.png">
      <Filter>リソース ファイル\TEXTURE</Filter>
    </Image>
    <Image Include="data\TEXTURE\reinbo.png">
      <Filter>リソース ファイル\TEXTURE</Filter>
    </Image>
    <Image Include="data\TEXTURE\result.jpg">
      <Filter>リソース ファイル\TEXTURE</Filter>
    </Image>
    <Image Include="data\TEXTURE\result.png">
      <Filter>リソース ファイル\TEXTURE</Filter>
    </Image>
    <Image Include="data\TEXTURE\road_stone.jpg">
      <Filter>リソース ファイル\TEXTURE</Filter>
    </Image>
    <Image Include="data\TEXTURE\shadow000.jpg">
      <Filter>リソース ファイル\TEXTURE</Filter>
    </Image>
    <Image Include="data\TEXTURE\GAME\field\ground2.jpg">
      <Filter>リソース ファイル\TEXTURE\GAME\field</Filter>
    </Image>
    <Image Include="data\TEXTURE\GAME\skyDome\sky000.jpg">
      <Filter>リソース ファイル\TEXTURE\GAME\skyDome</Filter>
    </Image>
    <Image Include="data\TEXTURE\GAME\skyDome\sky001.jpg">
      <Filter>リソース ファイル\TEXTURE\GAME\skyDome</Filter>
    </Image>
    <Image Include="data\TEXTURE\GAME\skyDome\sky002.jpg">
      <Filter>リソース ファイル\TEXTURE\GAME\skyDome</Filter>
    </Image>
    <Image Include="data\TEXTURE\GAME\skyDome\sky003.jpg">
      <Filter>リソース ファイル\TEXTURE\GAME\skyDome</Filter>
    </Image>
    <Image Include="data\TEXTURE\GAME\skyDome\sky004.jpg">
      <Filter>リソース ファイル\TEXTURE\GAME\skyDome</Filter>
    </Image>
    <Image Include="data\TEXTURE\GAME\wall.jpg">
      <Filter>リソース ファイル\TEXTURE\GAME</Filter>
    </Image>
    <Image Include="data\TEXTURE\GAME\rankingNum.png">
      <Filter>リソース ファイル\TEXTURE\GAME</Filter>
    </Image>
    <Image Include="data\TEXTURE\GAME\TIME.png">
      <Filter>リソース ファイル\TEXTURE\GAME</Filter>
    </Image>
    <Image Include="data\TEXTURE\GAME\Timedabule.png">
      <Filter>リソース ファイル\TEXTURE\GAME</Filter>
    </Image>
    <Image Include="data\TEXTURE\GAME\Timedot.png">
      <Filter>リソース ファイル\TEXTURE\GAME</Filter>
    </Image>
    <Image Include="data\TEXTURE\GAME\skyBox\skybox_Blue\upImage.png">
      <Filter>リソース ファイル\TEXTURE\GAME\skyBox\skybox_Blue</Filter>
    </Image>
    <Image Include="data\TEXTURE\GAME\skyBox\skybox_Blue\backImage.png">
      <Filter>リソース ファイル\TEXTURE\GAME\skyBox\skybox_Blue</Filter>
    </Image>
    <Image Include="data\TEXTURE\GAME\skyBox\skybox_Blue\downImage.png">
      <Filter>リソース ファイル\TEXTURE\GAME\skyBox\skybox_Blue</Filter>
    </Image>
    <Image Include="data\TEXTURE\GAME\skyBox\skybox_Blue\frontImage.png">
      <Filter>リソース ファイル\TEXTURE\GAME\skyBox\skybox_Blue</Filter>
    </Image>
    <Image Include="data\TEXTURE\GAME\skyBox\skybox_Blue\leftImage.png">
      <Filter>リソース ファイル\TEXTURE\GAME\skyBox\skybox_Blue</Filter>
    </Image>
    <Image Include="data\TEXTURE\GAME\skyBox\skybox_Blue\rightImage.png">
      <Filter>リソース ファイル\TEXTURE\GAME\skyBox\skybox_Blue</Filter>
    </Image>
    <Image Include="data\TEXTURE\GAME\skyBox\skybox_BlueWithPlanet\backImage.png">
      <Filter>リソース ファイル\TEXTURE\GAME\skyBox\skybox_BlueWithPlanet</Filter>
    </Image>
    <Image Include="data\TEXTURE\GAME\skyBox\skybox_BlueWithPlanet\downImage.png">
      <Filter>リソース ファイル\TEXTURE\GAME\skyBox\skybox_BlueWithPlanet</Filter>
    </Image>
    <Image Include="data\TEXTURE\GAME\skyBox\skybox_BlueWithPlanet\frontImage.png">
      <Filter>リソース ファイル\TEXTURE\GAME\skyBox\skybox_BlueWithPlanet</Filter>
    </Image>
    <Image Include="data\TEXTURE\GAME\skyBox\skybox_BlueWithPlanet\leftImage.png">
      <Filter>リソース ファイル\TEXTURE\GAME\skyBox\skybox_BlueWithPlanet</Filter>
    </Image>
    <Image Include="data\TEXTURE\GAME\skyBox\skybox_BlueWithPlanet\rightImage.png">
      <Filter>リソース ファイル\TEXTURE\GAME\skyBox\skybox_BlueWithPlanet</Filter>
    </Image>
    <Image Include="data\TEXTURE\GAME\skyBox\skybox_BlueWithPlanet\upImage.png">
      <Filter>リソース ファイル\TEXTURE\GAME\skyBox\skybox_BlueWithPlanet</Filter>
    </Image>
    <Image Include="data\TEXTURE\GAME\skyBox\skyBox_Green\upImage.png">
      <Filter>リソース ファイル\TEXTURE\GAME\skyBox\skyBox_Green</Filter>
    </Image>
    <Image Include="data\TEXTURE\GAME\skyBox\skyBox_Green\backImage.png">
      <Filter>リソース ファイル\TEXTURE\GAME\skyBox\skyBox_Green</Filter>
    </Image>
    <Image Include="data\TEXTURE\GAME\skyBox\skyBox_Green\downImage.png">
      <Filter>リソース ファイル\TEXTURE\GAME\skyBox\skyBox_Green</Filter>
    </Image>
    <Image Include="data\TEXTURE\GAME\skyBox\skyBox_Green\frontImage.png">
      <Filter>リソース ファイル\TEXTURE\GAME\skyBox\skyBox_Green</Filter>
    </Image>
    <Image Include="data\TEXTURE\GAME\skyBox\skyBox_Green\leftImage.png">
      <Filter>リソース ファイル\TEXTURE\GAME\skyBox\skyBox_Green</Filter>
    </Image>
    <Image Include="data\TEXTURE\GAME\skyBox\skyBox_Green\rightImage.png">
      <Filter>リソース ファイル\TEXTURE\GAME\skyBox\skyBox_Green</Filter>
    </Image>
    <Image Include="data\TEXTURE\GAME\skyBox\skyBox_GreenWithPlanet\upImage.png">
      <Filter>リソース ファイル\TEXTURE\GAME\skyBox\skyBox_GreenWithPlanet</Filter>
    </Image>
    <Image Include="data\TEXTURE\GAME\skyBox\skyBox_GreenWithPlanet\backImage.png">
      <Filter>リソース ファイル\TEXTURE\GAME\skyBox\skyBox_GreenWithPlanet</Filter>
    </Image>
    <Image Include="data\TEXTURE\GAME\skyBox\skyBox_GreenWithPlanet\downImage.png">
      <Filter>リソース ファイル\TEXTURE\GAME\skyBox\skyBox_GreenWithPlanet</Filter>
    </Image>
    <Image Include="data\TEXTURE\GAME\skyBox\skyBox_GreenWithPlanet\frontImage.png">
      <Filter>リソース ファイル\TEXTURE\GAME\skyBox\skyBox_GreenWithPlanet</Filter>
    </Image>
    <Image Include="data\TEXTURE\GAME\skyBox\skyBox_GreenWithPlanet\leftImage.png">
      <Filter>リソース ファイル\TEXTURE\GAME\skyBox\skyBox_GreenWithPlanet</Filter>
    </Image>
    <Image Include="data\TEXTURE\GAME\skyBox\skyBox_GreenWithPlanet\rightImage.png">
      <Filter>リソース ファイル\TEXTURE\GAME\skyBox\skyBox_GreenWithPlanet</Filter>
    </Image>
    <Image Include="data\TEXTURE\GAME\skyBox\skyBox_Red\upImage.png">
      <Filter>リソース ファイル\TEXTURE\GAME\skyBox\skyBox_Red</Filter>
    </Image>
    <Image Include="data\TEXTURE\GAME\skyBox\skyBox_Red\backImage.png">
      <Filter>リソース ファイル\TEXTURE\GAME\skyBox\skyBox_Red</Filter>
    </Image>
    <Image Include="data\TEXTURE\GAME\skyBox\skyBox_Red\downImage.png">
      <Filter>リソース ファイル\TEXTURE\GAME\skyBox\skyBox_Red</Filter>
    </Image>
    <Image Include="data\TEXTURE\GAME\skyBox\skyBox_Red\frontImage.png">
      <Filter>リソース ファイル\TEXTURE\GAME\skyBox\skyBox_Red</Filter>
    </Image>
    <Image Include="data\TEXTURE\GAME\skyBox\skyBox_Red\leftImage.png">
      <Filter>リソース ファイル\TEXTURE\GAME\skyBox\skyBox_Red</Filter>
    </Image>
    <Image Include="data\TEXTURE\GAME\skyBox\skyBox_Red\rightImage.png">
      <Filter>リソース ファイル\TEXTURE\GAME\skyBox\skyBox_Red</Filter>
    </Image>
    <Image Include="data\TEXTURE\GAME\skyBox\skyBox_RedWithPlanet\upImage.png">
      <Filter>リソース ファイル\TEXTURE\GAME\skyBox\skyBox_RedWithPlanet</Filter>
    </Image>
    <Image Include="data\TEXTURE\GAME\skyBox\skyBox_RedWithPlanet\backImage.png">
      <Filter>リソース ファイル\TEXTURE\GAME\skyBox\skyBox_RedWithPlanet</Filter>
    </Image>
    <Image Include="data\TEXTURE\GAME\skyBox\skyBox_RedWithPlanet\downImage.png">
      <Filter>リソース ファイル\TEXTURE\GAME\skyBox\skyBox_RedWithPlanet</Filter>
    </Image>
    <Image Include="data\TEXTURE\GAME\skyBox\skyBox_RedWithPlanet\frontImage.png">
      <Filter>リソース ファイル\TEXTURE\GAME\skyBox\skyBox_RedWithPlanet</Filter>
    </Image>
    <Image Include="data\TEXTURE\GAME\skyBox\skyBox_RedWithPlanet\leftImage.png">
      <Filter>リソース ファイル\TEXTURE\GAME\skyBox\skyBox_RedWithPlanet</Filter>
    </Image>
    <Image Include="data\TEXTURE\GAME\skyBox\skyBox_RedWithPlanet\rightImage.png">
      <Filter>リソース ファイル\TEXTURE\GAME\skyBox\skyBox_RedWithPlanet</Filter>
    </Image>
  </ItemGroup>
</Project>